
Microsoft Visual Studio Solution File, Format Version 12.00
# Visual Studio 15
VisualStudioVersion = 15.0.28010.2036
MinimumVisualStudioVersion = 10.0.40219.1
Project("{FAE04EC0-301F-11D3-BF4B-00C04F79EFBC}") = "LibraryManagementApp", "LibraryManagementApp\LibraryManagementApp.csproj", "{35A11533-7907-45BD-A1C1-B017099E4A82}"
EndProject
Global
	GlobalSection(SolutionConfigurationPlatforms) = preSolution
		Debug|Any CPU = Debug|Any CPU
		Release|Any CPU = Release|Any CPU
	EndGlobalSection
	GlobalSection(ProjectConfigurationPlatforms) = postSolution
		{35A11533-7907-45BD-A1C1-B017099E4A82}.Debug|Any CPU.ActiveCfg = Debug|Any CPU
		{35A11533-7907-45BD-A1C1-B017099E4A82}.Debug|Any CPU.Build.0 = Debug|Any CPU
		{35A11533-7907-45BD-A1C1-B017099E4A82}.Release|Any CPU.ActiveCfg = Release|Any CPU
		{35A11533-7907-45BD-A1C1-B017099E4A82}.Release|Any CPU.Build.0 = Release|Any CPU
	EndGlobalSection
	GlobalSection(SolutionProperties) = preSolution
		HideSolutionNode = FALSE
	EndGlobalSection
	GlobalSection(ExtensibilityGlobals) = postSolution
		SolutionGuid = {115A6E01-C03D-4780-BD40-9256D6FC3516}
	EndGlobalSection
EndGlobal
